
Microsoft Visual Studio Solution File, Format Version 12.00
# Visual Studio Version 17
VisualStudioVersion = 17.5.33414.496
MinimumVisualStudioVersion = 10.0.40219.1
Project("{FAE04EC0-301F-11D3-BF4B-00C04F79EFBC}") = "Client Application1", "Client Application\Client Application1.csproj", "{9A5CCEAD-7D1D-49A6-A42F-FC28F968E4E9}"
EndProject
Project("{FAE04EC0-301F-11D3-BF4B-00C04F79EFBC}") = "ClientApplication2", "ClientApplication\ClientApplication2.csproj", "{5156A256-0C98-43F9-ACD1-9283308E59A0}"
EndProject
Project("{B7DD6F7E-DEF8-4E67-B5B7-07EF123DB6F0}") = "ClientApp1 Installer", "ClientApp1 Installer\ClientApp1 Installer.wixproj", "{FBF1ACEA-02FD-46F1-872F-1FFDF3A974F1}"
EndProject
Project("{B7DD6F7E-DEF8-4E67-B5B7-07EF123DB6F0}") = "ClientApp2Installer", "ClientApp2Installer\ClientApp2Installer.wixproj", "{7808D3D6-1FFB-418F-B173-A0F1162F9531}"
EndProject
Project("{B7DD6F7E-DEF8-4E67-B5B7-07EF123DB6F0}") = "BundleInstaller", "BundleInstaller\BundleInstaller.wixproj", "{B8F5C68C-6D0E-4E3D-85A4-851BAD387149}"
EndProject
Project("{B7DD6F7E-DEF8-4E67-B5B7-07EF123DB6F0}") = "ClientApp1 v3 Installer", "ClientApp1 v3 Installer\ClientApp1 v3 Installer.wixproj", "{43C7B2E6-3B25-4E3A-B11E-0D835A479AB0}"
	ProjectSection(ProjectDependencies) = postProject
		{9A5CCEAD-7D1D-49A6-A42F-FC28F968E4E9} = {9A5CCEAD-7D1D-49A6-A42F-FC28F968E4E9}
	EndProjectSection
EndProject
Global
	GlobalSection(SolutionConfigurationPlatforms) = preSolution
		Debug|Any CPU = Debug|Any CPU
		Debug|ARM64 = Debug|ARM64
		Debug|x64 = Debug|x64
		Debug|x86 = Debug|x86
		Release|Any CPU = Release|Any CPU
		Release|ARM64 = Release|ARM64
		Release|x64 = Release|x64
		Release|x86 = Release|x86
	EndGlobalSection
	GlobalSection(ProjectConfigurationPlatforms) = postSolution
		{9A5CCEAD-7D1D-49A6-A42F-FC28F968E4E9}.Debug|Any CPU.ActiveCfg = Debug|Any CPU
		{9A5CCEAD-7D1D-49A6-A42F-FC28F968E4E9}.Debug|Any CPU.Build.0 = Debug|Any CPU
		{9A5CCEAD-7D1D-49A6-A42F-FC28F968E4E9}.Debug|ARM64.ActiveCfg = Debug|Any CPU
		{9A5CCEAD-7D1D-49A6-A42F-FC28F968E4E9}.Debug|ARM64.Build.0 = Debug|Any CPU
		{9A5CCEAD-7D1D-49A6-A42F-FC28F968E4E9}.Debug|x64.ActiveCfg = Debug|Any CPU
		{9A5CCEAD-7D1D-49A6-A42F-FC28F968E4E9}.Debug|x64.Build.0 = Debug|Any CPU
		{9A5CCEAD-7D1D-49A6-A42F-FC28F968E4E9}.Debug|x86.ActiveCfg = Debug|Any CPU
		{9A5CCEAD-7D1D-49A6-A42F-FC28F968E4E9}.Debug|x86.Build.0 = Debug|Any CPU
		{9A5CCEAD-7D1D-49A6-A42F-FC28F968E4E9}.Release|Any CPU.ActiveCfg = Release|Any CPU
		{9A5CCEAD-7D1D-49A6-A42F-FC28F968E4E9}.Release|Any CPU.Build.0 = Release|Any CPU
		{9A5CCEAD-7D1D-49A6-A42F-FC28F968E4E9}.Release|ARM64.ActiveCfg = Release|Any CPU
		{9A5CCEAD-7D1D-49A6-A42F-FC28F968E4E9}.Release|ARM64.Build.0 = Release|Any CPU
		{9A5CCEAD-7D1D-49A6-A42F-FC28F968E4E9}.Release|x64.ActiveCfg = Release|Any CPU
		{9A5CCEAD-7D1D-49A6-A42F-FC28F968E4E9}.Release|x64.Build.0 = Release|Any CPU
		{9A5CCEAD-7D1D-49A6-A42F-FC28F968E4E9}.Release|x86.ActiveCfg = Release|Any CPU
		{9A5CCEAD-7D1D-49A6-A42F-FC28F968E4E9}.Release|x86.Build.0 = Release|Any CPU
		{5156A256-0C98-43F9-ACD1-9283308E59A0}.Debug|Any CPU.ActiveCfg = Debug|Any CPU
		{5156A256-0C98-43F9-ACD1-9283308E59A0}.Debug|Any CPU.Build.0 = Debug|Any CPU
		{5156A256-0C98-43F9-ACD1-9283308E59A0}.Debug|ARM64.ActiveCfg = Debug|Any CPU
		{5156A256-0C98-43F9-ACD1-9283308E59A0}.Debug|ARM64.Build.0 = Debug|Any CPU
		{5156A256-0C98-43F9-ACD1-9283308E59A0}.Debug|x64.ActiveCfg = Debug|Any CPU
		{5156A256-0C98-43F9-ACD1-9283308E59A0}.Debug|x64.Build.0 = Debug|Any CPU
		{5156A256-0C98-43F9-ACD1-9283308E59A0}.Debug|x86.ActiveCfg = Debug|Any CPU
		{5156A256-0C98-43F9-ACD1-9283308E59A0}.Debug|x86.Build.0 = Debug|Any CPU
		{5156A256-0C98-43F9-ACD1-9283308E59A0}.Release|Any CPU.ActiveCfg = Release|Any CPU
		{5156A256-0C98-43F9-ACD1-9283308E59A0}.Release|Any CPU.Build.0 = Release|Any CPU
		{5156A256-0C98-43F9-ACD1-9283308E59A0}.Release|ARM64.ActiveCfg = Release|Any CPU
		{5156A256-0C98-43F9-ACD1-9283308E59A0}.Release|ARM64.Build.0 = Release|Any CPU
		{5156A256-0C98-43F9-ACD1-9283308E59A0}.Release|x64.ActiveCfg = Release|Any CPU
		{5156A256-0C98-43F9-ACD1-9283308E59A0}.Release|x64.Build.0 = Release|Any CPU
		{5156A256-0C98-43F9-ACD1-9283308E59A0}.Release|x86.ActiveCfg = Release|Any CPU
		{5156A256-0C98-43F9-ACD1-9283308E59A0}.Release|x86.Build.0 = Release|Any CPU
		{FBF1ACEA-02FD-46F1-872F-1FFDF3A974F1}.Debug|Any CPU.ActiveCfg = Debug|x64
		{FBF1ACEA-02FD-46F1-872F-1FFDF3A974F1}.Debug|Any CPU.Build.0 = Debug|x64
		{FBF1ACEA-02FD-46F1-872F-1FFDF3A974F1}.Debug|ARM64.ActiveCfg = Debug|ARM64
		{FBF1ACEA-02FD-46F1-872F-1FFDF3A974F1}.Debug|ARM64.Build.0 = Debug|ARM64
		{FBF1ACEA-02FD-46F1-872F-1FFDF3A974F1}.Debug|x64.ActiveCfg = Debug|x64
		{FBF1ACEA-02FD-46F1-872F-1FFDF3A974F1}.Debug|x64.Build.0 = Debug|x64
		{FBF1ACEA-02FD-46F1-872F-1FFDF3A974F1}.Debug|x86.ActiveCfg = Debug|x86
		{FBF1ACEA-02FD-46F1-872F-1FFDF3A974F1}.Debug|x86.Build.0 = Debug|x86
		{FBF1ACEA-02FD-46F1-872F-1FFDF3A974F1}.Release|Any CPU.ActiveCfg = Release|x64
		{FBF1ACEA-02FD-46F1-872F-1FFDF3A974F1}.Release|Any CPU.Build.0 = Release|x64
		{FBF1ACEA-02FD-46F1-872F-1FFDF3A974F1}.Release|ARM64.ActiveCfg = Release|ARM64
		{FBF1ACEA-02FD-46F1-872F-1FFDF3A974F1}.Release|ARM64.Build.0 = Release|ARM64
		{FBF1ACEA-02FD-46F1-872F-1FFDF3A974F1}.Release|x64.ActiveCfg = Release|x64
		{FBF1ACEA-02FD-46F1-872F-1FFDF3A974F1}.Release|x64.Build.0 = Release|x64
		{FBF1ACEA-02FD-46F1-872F-1FFDF3A974F1}.Release|x86.ActiveCfg = Release|x86
		{FBF1ACEA-02FD-46F1-872F-1FFDF3A974F1}.Release|x86.Build.0 = Release|x86
		{7808D3D6-1FFB-418F-B173-A0F1162F9531}.Debug|Any CPU.ActiveCfg = Debug|x64
		{7808D3D6-1FFB-418F-B173-A0F1162F9531}.Debug|Any CPU.Build.0 = Debug|x64
		{7808D3D6-1FFB-418F-B173-A0F1162F9531}.Debug|ARM64.ActiveCfg = Debug|ARM64
		{7808D3D6-1FFB-418F-B173-A0F1162F9531}.Debug|ARM64.Build.0 = Debug|ARM64
		{7808D3D6-1FFB-418F-B173-A0F1162F9531}.Debug|x64.ActiveCfg = Debug|x64
		{7808D3D6-1FFB-418F-B173-A0F1162F9531}.Debug|x64.Build.0 = Debug|x64
		{7808D3D6-1FFB-418F-B173-A0F1162F9531}.Debug|x86.ActiveCfg = Debug|x86
		{7808D3D6-1FFB-418F-B173-A0F1162F9531}.Debug|x86.Build.0 = Debug|x86
		{7808D3D6-1FFB-418F-B173-A0F1162F9531}.Release|Any CPU.ActiveCfg = Release|x64
		{7808D3D6-1FFB-418F-B173-A0F1162F9531}.Release|Any CPU.Build.0 = Release|x64
		{7808D3D6-1FFB-418F-B173-A0F1162F9531}.Release|ARM64.ActiveCfg = Release|ARM64
		{7808D3D6-1FFB-418F-B173-A0F1162F9531}.Release|ARM64.Build.0 = Release|ARM64
		{7808D3D6-1FFB-418F-B173-A0F1162F9531}.Release|x64.ActiveCfg = Release|x64
		{7808D3D6-1FFB-418F-B173-A0F1162F9531}.Release|x64.Build.0 = Release|x64
		{7808D3D6-1FFB-418F-B173-A0F1162F9531}.Release|x86.ActiveCfg = Release|x86
		{7808D3D6-1FFB-418F-B173-A0F1162F9531}.Release|x86.Build.0 = Release|x86
		{B8F5C68C-6D0E-4E3D-85A4-851BAD387149}.Debug|Any CPU.ActiveCfg = Debug|x64
		{B8F5C68C-6D0E-4E3D-85A4-851BAD387149}.Debug|Any CPU.Build.0 = Debug|x64
		{B8F5C68C-6D0E-4E3D-85A4-851BAD387149}.Debug|ARM64.ActiveCfg = Debug|ARM64
		{B8F5C68C-6D0E-4E3D-85A4-851BAD387149}.Debug|ARM64.Build.0 = Debug|ARM64
		{B8F5C68C-6D0E-4E3D-85A4-851BAD387149}.Debug|x64.ActiveCfg = Debug|x64
		{B8F5C68C-6D0E-4E3D-85A4-851BAD387149}.Debug|x64.Build.0 = Debug|x64
		{B8F5C68C-6D0E-4E3D-85A4-851BAD387149}.Debug|x86.ActiveCfg = Debug|x86
		{B8F5C68C-6D0E-4E3D-85A4-851BAD387149}.Debug|x86.Build.0 = Debug|x86
		{B8F5C68C-6D0E-4E3D-85A4-851BAD387149}.Release|Any CPU.ActiveCfg = Release|x64
		{B8F5C68C-6D0E-4E3D-85A4-851BAD387149}.Release|Any CPU.Build.0 = Release|x64
		{B8F5C68C-6D0E-4E3D-85A4-851BAD387149}.Release|ARM64.ActiveCfg = Release|ARM64
		{B8F5C68C-6D0E-4E3D-85A4-851BAD387149}.Release|ARM64.Build.0 = Release|ARM64
		{B8F5C68C-6D0E-4E3D-85A4-851BAD387149}.Release|x64.ActiveCfg = Release|x64
		{B8F5C68C-6D0E-4E3D-85A4-851BAD387149}.Release|x64.Build.0 = Release|x64
		{B8F5C68C-6D0E-4E3D-85A4-851BAD387149}.Release|x86.ActiveCfg = Release|x86
		{B8F5C68C-6D0E-4E3D-85A4-851BAD387149}.Release|x86.Build.0 = Release|x86
		{43C7B2E6-3B25-4E3A-B11E-0D835A479AB0}.Debug|Any CPU.ActiveCfg = Debug|x86
		{43C7B2E6-3B25-4E3A-B11E-0D835A479AB0}.Debug|Any CPU.Build.0 = Debug|x86
		{43C7B2E6-3B25-4E3A-B11E-0D835A479AB0}.Debug|ARM64.ActiveCfg = Debug|x86
		{43C7B2E6-3B25-4E3A-B11E-0D835A479AB0}.Debug|ARM64.Build.0 = Debug|x86
		{43C7B2E6-3B25-4E3A-B11E-0D835A479AB0}.Debug|x64.ActiveCfg = Debug|x86
		{43C7B2E6-3B25-4E3A-B11E-0D835A479AB0}.Debug|x64.Build.0 = Debug|x86
		{43C7B2E6-3B25-4E3A-B11E-0D835A479AB0}.Debug|x86.ActiveCfg = Debug|x86
		{43C7B2E6-3B25-4E3A-B11E-0D835A479AB0}.Debug|x86.Build.0 = Debug|x86
		{43C7B2E6-3B25-4E3A-B11E-0D835A479AB0}.Release|Any CPU.ActiveCfg = Release|x86
		{43C7B2E6-3B25-4E3A-B11E-0D835A479AB0}.Release|Any CPU.Build.0 = Release|x86
		{43C7B2E6-3B25-4E3A-B11E-0D835A479AB0}.Release|ARM64.ActiveCfg = Release|x86
		{43C7B2E6-3B25-4E3A-B11E-0D835A479AB0}.Release|ARM64.Build.0 = Release|x86
		{43C7B2E6-3B25-4E3A-B11E-0D835A479AB0}.Release|x64.ActiveCfg = Release|x86
		{43C7B2E6-3B25-4E3A-B11E-0D835A479AB0}.Release|x64.Build.0 = Release|x86
		{43C7B2E6-3B25-4E3A-B11E-0D835A479AB0}.Release|x86.ActiveCfg = Release|x86
		{43C7B2E6-3B25-4E3A-B11E-0D835A479AB0}.Release|x86.Build.0 = Release|x86
	EndGlobalSection
	GlobalSection(SolutionProperties) = preSolution
		HideSolutionNode = FALSE
	EndGlobalSection
	GlobalSection(ExtensibilityGlobals) = postSolution
		SolutionGuid = {63B68346-31E2-4357-B1EB-78934A1CD1A7}
	EndGlobalSection
EndGlobal
